
Microsoft Visual Studio Solution File, Format Version 12.00
# Visual Studio Version 17
VisualStudioVersion = 17.1.32421.90
MinimumVisualStudioVersion = 10.0.40219.1
Project("{2150E333-8FDC-42A3-9474-1A3956D46DE8}") = "src", "src", "{F02084CE-8611-4C9B-BEE7-2D38B0376F9B}"
EndProject
Project("{2150E333-8FDC-42A3-9474-1A3956D46DE8}") = "Api", "Api", "{B360B0B8-BDEC-4EEC-B269-588B57DC6673}"
EndProject
Project("{2150E333-8FDC-42A3-9474-1A3956D46DE8}") = "Clients", "Clients", "{A3AB8183-0F1C-4B99-ADE3-E2DE49B0045D}"
EndProject
Project("{2150E333-8FDC-42A3-9474-1A3956D46DE8}") = "Common", "Common", "{84C22A17-315A-4C37-9E6C-69637DC28D14}"
EndProject
Project("{2150E333-8FDC-42A3-9474-1A3956D46DE8}") = "Projections", "Projections", "{C5A9615B-F1AE-4222-8BFC-D1D8A71E97C3}"
EndProject
Project("{2150E333-8FDC-42A3-9474-1A3956D46DE8}") = "Core", "Core", "{FE091A54-7199-470D-8A96-D08D32119E97}"
EndProject
Project("{2150E333-8FDC-42A3-9474-1A3956D46DE8}") = "Infrastructure", "Infrastructure", "{5C68E5CC-FB76-4A57-AE90-EF27FF965039}"
EndProject
Project("{2150E333-8FDC-42A3-9474-1A3956D46DE8}") = "WebApi", "WebApi", "{1943D618-7033-4098-B1A8-C5C0D239A7EC}"
EndProject
Project("{2150E333-8FDC-42A3-9474-1A3956D46DE8}") = "BlazorWeb", "BlazorWeb", "{F8706E08-C4B6-4E28-A675-4A30B31452BF}"
EndProject
Project("{FAE04EC0-301F-11D3-BF4B-00C04F79EFBC}") = "BlazorSozluk.Common", "src\Common\BlazorSozluk.Common\BlazorSozluk.Common.csproj", "{AE652441-A86F-4D6F-AA06-4B772CC7B0C0}"
EndProject
Project("{FAE04EC0-301F-11D3-BF4B-00C04F79EFBC}") = "BlazorSozluk.Api.Domain", "src\Api\Core\BlazorSozluk.Api.Domain\BlazorSozluk.Api.Domain.csproj", "{82BC8104-C7D1-44E0-A704-76974273278F}"
EndProject
Project("{FAE04EC0-301F-11D3-BF4B-00C04F79EFBC}") = "BlazorSozluk.Api.Application", "src\Api\Core\BlazorSozluk.Api.Application\BlazorSozluk.Api.Application.csproj", "{071585E7-336F-4958-AFB0-B27A0F196B12}"
EndProject
Project("{FAE04EC0-301F-11D3-BF4B-00C04F79EFBC}") = "BlazorSozluk.Infrastructure.Persistence", "src\Api\Infrastructure\BlazorSozluk.Infrastructure.Persistence\BlazorSozluk.Infrastructure.Persistence.csproj", "{046863AE-1270-4906-9EC4-ADCB4C570C58}"
EndProject
Project("{FAE04EC0-301F-11D3-BF4B-00C04F79EFBC}") = "BlazorSozluk.Api.WebApi", "src\Api\WebApi\BlazorSozluk.Api.WebApi\BlazorSozluk.Api.WebApi.csproj", "{92B3AE46-D1F7-4DE9-94F4-51D4D419AE08}"
EndProject
Project("{FAE04EC0-301F-11D3-BF4B-00C04F79EFBC}") = "BlazorSozluk.Projections.FavoriteService", "src\Projections\BlazorSozluk.Projections.FavoriteService\BlazorSozluk.Projections.FavoriteService.csproj", "{AE469A1A-1DFE-43A8-94CF-23437B1853ED}"
EndProject
Project("{FAE04EC0-301F-11D3-BF4B-00C04F79EFBC}") = "BlazorSozluk.Projections.UserService", "src\Projections\BlazorSozluk.Projections.UserService\BlazorSozluk.Projections.UserService.csproj", "{F895CBA3-47E8-42FA-BE14-3F81E42BBE77}"
EndProject
Project("{FAE04EC0-301F-11D3-BF4B-00C04F79EFBC}") = "BlazorSozluk.Projections.VoteService", "src\Projections\BlazorSozluk.Projections.VoteService\BlazorSozluk.Projections.VoteService.csproj", "{B7BCA1D2-80E6-4FDB-8E3F-C61AA4230E7E}"
EndProject
Project("{FAE04EC0-301F-11D3-BF4B-00C04F79EFBC}") = "BlazorSozluk.WebApp", "src\Clients\BlazorWeb\BlazorSozluk.WebApp\BlazorSozluk.WebApp.csproj", "{D829DB02-0018-4D03-A0CD-B66F98ABAFF9}"
EndProject
Global
	GlobalSection(SolutionConfigurationPlatforms) = preSolution
		Debug|Any CPU = Debug|Any CPU
		Release|Any CPU = Release|Any CPU
	EndGlobalSection
	GlobalSection(ProjectConfigurationPlatforms) = postSolution
		{AE652441-A86F-4D6F-AA06-4B772CC7B0C0}.Debug|Any CPU.ActiveCfg = Debug|Any CPU
		{AE652441-A86F-4D6F-AA06-4B772CC7B0C0}.Debug|Any CPU.Build.0 = Debug|Any CPU
		{AE652441-A86F-4D6F-AA06-4B772CC7B0C0}.Release|Any CPU.ActiveCfg = Release|Any CPU
		{AE652441-A86F-4D6F-AA06-4B772CC7B0C0}.Release|Any CPU.Build.0 = Release|Any CPU
		{82BC8104-C7D1-44E0-A704-76974273278F}.Debug|Any CPU.ActiveCfg = Debug|Any CPU
		{82BC8104-C7D1-44E0-A704-76974273278F}.Debug|Any CPU.Build.0 = Debug|Any CPU
		{82BC8104-C7D1-44E0-A704-76974273278F}.Release|Any CPU.ActiveCfg = Release|Any CPU
		{82BC8104-C7D1-44E0-A704-76974273278F}.Release|Any CPU.Build.0 = Release|Any CPU
		{071585E7-336F-4958-AFB0-B27A0F196B12}.Debug|Any CPU.ActiveCfg = Debug|Any CPU
		{071585E7-336F-4958-AFB0-B27A0F196B12}.Debug|Any CPU.Build.0 = Debug|Any CPU
		{071585E7-336F-4958-AFB0-B27A0F196B12}.Release|Any CPU.ActiveCfg = Release|Any CPU
		{071585E7-336F-4958-AFB0-B27A0F196B12}.Release|Any CPU.Build.0 = Release|Any CPU
		{046863AE-1270-4906-9EC4-ADCB4C570C58}.Debug|Any CPU.ActiveCfg = Debug|Any CPU
		{046863AE-1270-4906-9EC4-ADCB4C570C58}.Debug|Any CPU.Build.0 = Debug|Any CPU
		{046863AE-1270-4906-9EC4-ADCB4C570C58}.Release|Any CPU.ActiveCfg = Release|Any CPU
		{046863AE-1270-4906-9EC4-ADCB4C570C58}.Release|Any CPU.Build.0 = Release|Any CPU
		{92B3AE46-D1F7-4DE9-94F4-51D4D419AE08}.Debug|Any CPU.ActiveCfg = Debug|Any CPU
		{92B3AE46-D1F7-4DE9-94F4-51D4D419AE08}.Debug|Any CPU.Build.0 = Debug|Any CPU
		{92B3AE46-D1F7-4DE9-94F4-51D4D419AE08}.Release|Any CPU.ActiveCfg = Release|Any CPU
		{92B3AE46-D1F7-4DE9-94F4-51D4D419AE08}.Release|Any CPU.Build.0 = Release|Any CPU
		{AE469A1A-1DFE-43A8-94CF-23437B1853ED}.Debug|Any CPU.ActiveCfg = Debug|Any CPU
		{AE469A1A-1DFE-43A8-94CF-23437B1853ED}.Debug|Any CPU.Build.0 = Debug|Any CPU
		{AE469A1A-1DFE-43A8-94CF-23437B1853ED}.Release|Any CPU.ActiveCfg = Release|Any CPU
		{AE469A1A-1DFE-43A8-94CF-23437B1853ED}.Release|Any CPU.Build.0 = Release|Any CPU
		{F895CBA3-47E8-42FA-BE14-3F81E42BBE77}.Debug|Any CPU.ActiveCfg = Debug|Any CPU
		{F895CBA3-47E8-42FA-BE14-3F81E42BBE77}.Debug|Any CPU.Build.0 = Debug|Any CPU
		{F895CBA3-47E8-42FA-BE14-3F81E42BBE77}.Release|Any CPU.ActiveCfg = Release|Any CPU
		{F895CBA3-47E8-42FA-BE14-3F81E42BBE77}.Release|Any CPU.Build.0 = Release|Any CPU
		{B7BCA1D2-80E6-4FDB-8E3F-C61AA4230E7E}.Debug|Any CPU.ActiveCfg = Debug|Any CPU
		{B7BCA1D2-80E6-4FDB-8E3F-C61AA4230E7E}.Debug|Any CPU.Build.0 = Debug|Any CPU
		{B7BCA1D2-80E6-4FDB-8E3F-C61AA4230E7E}.Release|Any CPU.ActiveCfg = Release|Any CPU
		{B7BCA1D2-80E6-4FDB-8E3F-C61AA4230E7E}.Release|Any CPU.Build.0 = Release|Any CPU
		{D829DB02-0018-4D03-A0CD-B66F98ABAFF9}.Debug|Any CPU.ActiveCfg = Debug|Any CPU
		{D829DB02-0018-4D03-A0CD-B66F98ABAFF9}.Debug|Any CPU.Build.0 = Debug|Any CPU
		{D829DB02-0018-4D03-A0CD-B66F98ABAFF9}.Release|Any CPU.ActiveCfg = Release|Any CPU
		{D829DB02-0018-4D03-A0CD-B66F98ABAFF9}.Release|Any CPU.Build.0 = Release|Any CPU
	EndGlobalSection
	GlobalSection(SolutionProperties) = preSolution
		HideSolutionNode = FALSE
	EndGlobalSection
	GlobalSection(NestedProjects) = preSolution
		{B360B0B8-BDEC-4EEC-B269-588B57DC6673} = {F02084CE-8611-4C9B-BEE7-2D38B0376F9B}
		{A3AB8183-0F1C-4B99-ADE3-E2DE49B0045D} = {F02084CE-8611-4C9B-BEE7-2D38B0376F9B}
		{84C22A17-315A-4C37-9E6C-69637DC28D14} = {F02084CE-8611-4C9B-BEE7-2D38B0376F9B}
		{C5A9615B-F1AE-4222-8BFC-D1D8A71E97C3} = {F02084CE-8611-4C9B-BEE7-2D38B0376F9B}
		{FE091A54-7199-470D-8A96-D08D32119E97} = {B360B0B8-BDEC-4EEC-B269-588B57DC6673}
		{5C68E5CC-FB76-4A57-AE90-EF27FF965039} = {B360B0B8-BDEC-4EEC-B269-588B57DC6673}
		{1943D618-7033-4098-B1A8-C5C0D239A7EC} = {B360B0B8-BDEC-4EEC-B269-588B57DC6673}
		{F8706E08-C4B6-4E28-A675-4A30B31452BF} = {A3AB8183-0F1C-4B99-ADE3-E2DE49B0045D}
		{AE652441-A86F-4D6F-AA06-4B772CC7B0C0} = {84C22A17-315A-4C37-9E6C-69637DC28D14}
		{82BC8104-C7D1-44E0-A704-76974273278F} = {FE091A54-7199-470D-8A96-D08D32119E97}
		{071585E7-336F-4958-AFB0-B27A0F196B12} = {FE091A54-7199-470D-8A96-D08D32119E97}
		{046863AE-1270-4906-9EC4-ADCB4C570C58} = {5C68E5CC-FB76-4A57-AE90-EF27FF965039}
		{92B3AE46-D1F7-4DE9-94F4-51D4D419AE08} = {1943D618-7033-4098-B1A8-C5C0D239A7EC}
		{AE469A1A-1DFE-43A8-94CF-23437B1853ED} = {C5A9615B-F1AE-4222-8BFC-D1D8A71E97C3}
		{F895CBA3-47E8-42FA-BE14-3F81E42BBE77} = {C5A9615B-F1AE-4222-8BFC-D1D8A71E97C3}
		{B7BCA1D2-80E6-4FDB-8E3F-C61AA4230E7E} = {C5A9615B-F1AE-4222-8BFC-D1D8A71E97C3}
		{D829DB02-0018-4D03-A0CD-B66F98ABAFF9} = {F8706E08-C4B6-4E28-A675-4A30B31452BF}
	EndGlobalSection
	GlobalSection(ExtensibilityGlobals) = postSolution
		SolutionGuid = {B2B9FEFE-9678-4B46-9279-13FE1C0080BD}
	EndGlobalSection
EndGlobal
